
Microsoft Visual Studio Solution File, Format Version 12.00
# Visual Studio Version 16
VisualStudioVersion = 25.0.1703.5
MinimumVisualStudioVersion = 10.0.40219.1
Project("{FAE04EC0-301F-11D3-BF4B-00C04F79EFBC}") = "SVT_test", "SVT_test\SVT_test.csproj", "{4C3004B9-E3D9-44DB-8432-479188F9FFB0}"
EndProject
Global
	GlobalSection(SolutionConfigurationPlatforms) = preSolution
		Debug|Any CPU = Debug|Any CPU
		Release|Any CPU = Release|Any CPU
	EndGlobalSection
	GlobalSection(ProjectConfigurationPlatforms) = postSolution
		{4C3004B9-E3D9-44DB-8432-479188F9FFB0}.Debug|Any CPU.ActiveCfg = Debug|Any CPU
		{4C3004B9-E3D9-44DB-8432-479188F9FFB0}.Debug|Any CPU.Build.0 = Debug|Any CPU
		{4C3004B9-E3D9-44DB-8432-479188F9FFB0}.Release|Any CPU.ActiveCfg = Release|Any CPU
		{4C3004B9-E3D9-44DB-8432-479188F9FFB0}.Release|Any CPU.Build.0 = Release|Any CPU
	EndGlobalSection
	GlobalSection(SolutionProperties) = preSolution
		HideSolutionNode = FALSE
	EndGlobalSection
	GlobalSection(ExtensibilityGlobals) = postSolution
		SolutionGuid = {DF1C6DD7-5964-4600-BBA6-F00A88E89939}
	EndGlobalSection
EndGlobal
